// !$*UTF8*$!
{
	archiveVersion = 1;
	classes = {
	};
	objectVersion = 55;
	objects = {

/* Begin PBXBuildFile section */
		955F68D32784C76000C0BCD8 /* AlamofireTestApp.swift in Sources */ = {isa = PBXBuildFile; fileRef = 955F68D22784C76000C0BCD8 /* AlamofireTestApp.swift */; };
		955F68D52784C76000C0BCD8 /* ContentView.swift in Sources */ = {isa = PBXBuildFile; fileRef = 955F68D42784C76000C0BCD8 /* ContentView.swift */; };
		955F68D72784C76200C0BCD8 /* Assets.xcassets in Resources */ = {isa = PBXBuildFile; fileRef = 955F68D62784C76200C0BCD8 /* Assets.xcassets */; };
		955F68DA2784C76200C0BCD8 /* Preview Assets.xcassets in Resources */ = {isa = PBXBuildFile; fileRef = 955F68D92784C76200C0BCD8 /* Preview Assets.xcassets */; };
		955F68E42784C76200C0BCD8 /* AlamofireTestTests.swift in Sources */ = {isa = PBXBuildFile; fileRef = 955F68E32784C76200C0BCD8 /* AlamofireTestTests.swift */; };
		955F68EE2784C76200C0BCD8 /* AlamofireTestUITests.swift in Sources */ = {isa = PBXBuildFile; fileRef = 955F68ED2784C76200C0BCD8 /* AlamofireTestUITests.swift */; };
		955F68F02784C76200C0BCD8 /* AlamofireTestUITestsLaunchTests.swift in Sources */ = {isa = PBXBuildFile; fileRef = 955F68EF2784C76200C0BCD8 /* AlamofireTestUITestsLaunchTests.swift */; };
		955F68FE2784C7BB00C0BCD8 /* Alamofire in Frameworks */ = {isa = PBXBuildFile; productRef = 955F68FD2784C7BB00C0BCD8 /* Alamofire */; };
		955F69022784D23A00C0BCD8 /* ResponseHelpers.swift in Sources */ = {isa = PBXBuildFile; fileRef = 955F69012784D23A00C0BCD8 /* ResponseHelpers.swift */; };
		955F69042786094A00C0BCD8 /* README.md in Resources */ = {isa = PBXBuildFile; fileRef = 955F69032786094A00C0BCD8 /* README.md */; };
/* End PBXBuildFile section */

/* Begin PBXContainerItemProxy section */
		955F68E02784C76200C0BCD8 /* PBXContainerItemProxy */ = {
			isa = PBXContainerItemProxy;
			containerPortal = 955F68C72784C76000C0BCD8 /* Project object */;
			proxyType = 1;
			remoteGlobalIDString = 955F68CE2784C76000C0BCD8;
			remoteInfo = AlamofireTest;
		};
		955F68EA2784C76200C0BCD8 /* PBXContainerItemProxy */ = {
			isa = PBXContainerItemProxy;
			containerPortal = 955F68C72784C76000C0BCD8 /* Project object */;
			proxyType = 1;
			remoteGlobalIDString = 955F68CE2784C76000C0BCD8;
			remoteInfo = AlamofireTest;
		};
/* End PBXContainerItemProxy section */

/* Begin PBXFileReference section */
		955F68CF2784C76000C0BCD8 /* AlamofireTest.app */ = {isa = PBXFileReference; explicitFileType = wrapper.application; includeInIndex = 0; path = AlamofireTest.app; sourceTree = BUILT_PRODUCTS_DIR; };
		955F68D22784C76000C0BCD8 /* AlamofireTestApp.swift */ = {isa = PBXFileReference; lastKnownFileType = sourcecode.swift; path = AlamofireTestApp.swift; sourceTree = "<group>"; };
		955F68D42784C76000C0BCD8 /* ContentView.swift */ = {isa = PBXFileReference; lastKnownFileType = sourcecode.swift; path = ContentView.swift; sourceTree = "<group>"; };
		955F68D62784C76200C0BCD8 /* Assets.xcassets */ = {isa = PBXFileReference; lastKnownFileType = folder.assetcatalog; path = Assets.xcassets; sourceTree = "<group>"; };
		955F68D92784C76200C0BCD8 /* Preview Assets.xcassets */ = {isa = PBXFileReference; lastKnownFileType = folder.assetcatalog; path = "Preview Assets.xcassets"; sourceTree = "<group>"; };
		955F68DF2784C76200C0BCD8 /* AlamofireTestTests.xctest */ = {isa = PBXFileReference; explicitFileType = wrapper.cfbundle; includeInIndex = 0; path = AlamofireTestTests.xctest; sourceTree = BUILT_PRODUCTS_DIR; };
		955F68E32784C76200C0BCD8 /* AlamofireTestTests.swift */ = {isa = PBXFileReference; lastKnownFileType = sourcecode.swift; path = AlamofireTestTests.swift; sourceTree = "<group>"; };
		955F68E92784C76200C0BCD8 /* AlamofireTestUITests.xctest */ = {isa = PBXFileReference; explicitFileType = wrapper.cfbundle; includeInIndex = 0; path = AlamofireTestUITests.xctest; sourceTree = BUILT_PRODUCTS_DIR; };
		955F68ED2784C76200C0BCD8 /* AlamofireTestUITests.swift */ = {isa = PBXFileReference; lastKnownFileType = sourcecode.swift; path = AlamofireTestUITests.swift; sourceTree = "<group>"; };
		955F68EF2784C76200C0BCD8 /* AlamofireTestUITestsLaunchTests.swift */ = {isa = PBXFileReference; lastKnownFileType = sourcecode.swift; path = AlamofireTestUITestsLaunchTests.swift; sourceTree = "<group>"; };
		955F69012784D23A00C0BCD8 /* ResponseHelpers.swift */ = {isa = PBXFileReference; lastKnownFileType = sourcecode.swift; path = ResponseHelpers.swift; sourceTree = "<group>"; };
		955F69032786094A00C0BCD8 /* README.md */ = {isa = PBXFileReference; lastKnownFileType = net.daringfireball.markdown; path = README.md; sourceTree = "<group>"; };
/* End PBXFileReference section */

/* Begin PBXFrameworksBuildPhase section */
		955F68CC2784C76000C0BCD8 /* Frameworks */ = {
			isa = PBXFrameworksBuildPhase;
			buildActionMask = 2147483647;
			files = (
				955F68FE2784C7BB00C0BCD8 /* Alamofire in Frameworks */,
			);
			runOnlyForDeploymentPostprocessing = 0;
		};
		955F68DC2784C76200C0BCD8 /* Frameworks */ = {
			isa = PBXFrameworksBuildPhase;
			buildActionMask = 2147483647;
			files = (
			);
			runOnlyForDeploymentPostprocessing = 0;
		};
		955F68E62784C76200C0BCD8 /* Frameworks */ = {
			isa = PBXFrameworksBuildPhase;
			buildActionMask = 2147483647;
			files = (
			);
			runOnlyForDeploymentPostprocessing = 0;
		};
/* End PBXFrameworksBuildPhase section */

/* Begin PBXGroup section */
		955F68C62784C76000C0BCD8 = {
			isa = PBXGroup;
			children = (
				955F68D12784C76000C0BCD8 /* AlamofireTest */,
				955F68E22784C76200C0BCD8 /* AlamofireTestTests */,
				955F68EC2784C76200C0BCD8 /* AlamofireTestUITests */,
				955F68D02784C76000C0BCD8 /* Products */,
			);
			sourceTree = "<group>";
		};
		955F68D02784C76000C0BCD8 /* Products */ = {
			isa = PBXGroup;
			children = (
				955F68CF2784C76000C0BCD8 /* AlamofireTest.app */,
				955F68DF2784C76200C0BCD8 /* AlamofireTestTests.xctest */,
				955F68E92784C76200C0BCD8 /* AlamofireTestUITests.xctest */,
			);
			name = Products;
			sourceTree = "<group>";
		};
		955F68D12784C76000C0BCD8 /* AlamofireTest */ = {
			isa = PBXGroup;
			children = (
				955F68D22784C76000C0BCD8 /* AlamofireTestApp.swift */,
				955F68D42784C76000C0BCD8 /* ContentView.swift */,
				955F69012784D23A00C0BCD8 /* ResponseHelpers.swift */,
				955F68D62784C76200C0BCD8 /* Assets.xcassets */,
				955F68D82784C76200C0BCD8 /* Preview Content */,
				955F69032786094A00C0BCD8 /* README.md */,
			);
			path = AlamofireTest;
			sourceTree = "<group>";
		};
		955F68D82784C76200C0BCD8 /* Preview Content */ = {
			isa = PBXGroup;
			children = (
				955F68D92784C76200C0BCD8 /* Preview Assets.xcassets */,
			);
			path = "Preview Content";
			sourceTree = "<group>";
		};
		955F68E22784C76200C0BCD8 /* AlamofireTestTests */ = {
			isa = PBXGroup;
			children = (
				955F68E32784C76200C0BCD8 /* AlamofireTestTests.swift */,
			);
			path = AlamofireTestTests;
			sourceTree = "<group>";
		};
		955F68EC2784C76200C0BCD8 /* AlamofireTestUITests */ = {
			isa = PBXGroup;
			children = (
				955F68ED2784C76200C0BCD8 /* AlamofireTestUITests.swift */,
				955F68EF2784C76200C0BCD8 /* AlamofireTestUITestsLaunchTests.swift */,
			);
			path = AlamofireTestUITests;
			sourceTree = "<group>";
		};
/* End PBXGroup section */

/* Begin PBXNativeTarget section */
		955F68CE2784C76000C0BCD8 /* AlamofireTest */ = {
			isa = PBXNativeTarget;
			buildConfigurationList = 955F68F32784C76200C0BCD8 /* Build configuration list for PBXNativeTarget "AlamofireTest" */;
			buildPhases = (
				955F68CB2784C76000C0BCD8 /* Sources */,
				955F68CC2784C76000C0BCD8 /* Frameworks */,
				955F68CD2784C76000C0BCD8 /* Resources */,
			);
			buildRules = (
			);
			dependencies = (
			);
			name = AlamofireTest;
			packageProductDependencies = (
				955F68FD2784C7BB00C0BCD8 /* Alamofire */,
			);
			productName = AlamofireTest;
			productReference = 955F68CF2784C76000C0BCD8 /* AlamofireTest.app */;
			productType = "com.apple.product-type.application";
		};
		955F68DE2784C76200C0BCD8 /* AlamofireTestTests */ = {
			isa = PBXNativeTarget;
			buildConfigurationList = 955F68F62784C76200C0BCD8 /* Build configuration list for PBXNativeTarget "AlamofireTestTests" */;
			buildPhases = (
				955F68DB2784C76200C0BCD8 /* Sources */,
				955F68DC2784C76200C0BCD8 /* Frameworks */,
				955F68DD2784C76200C0BCD8 /* Resources */,
			);
			buildRules = (
			);
			dependencies = (
				955F68E12784C76200C0BCD8 /* PBXTargetDependency */,
			);
			name = AlamofireTestTests;
			productName = AlamofireTestTests;
			productReference = 955F68DF2784C76200C0BCD8 /* AlamofireTestTests.xctest */;
			productType = "com.apple.product-type.bundle.unit-test";
		};
		955F68E82784C76200C0BCD8 /* AlamofireTestUITests */ = {
			isa = PBXNativeTarget;
			buildConfigurationList = 955F68F92784C76200C0BCD8 /* Build configuration list for PBXNativeTarget "AlamofireTestUITests" */;
			buildPhases = (
				955F68E52784C76200C0BCD8 /* Sources */,
				955F68E62784C76200C0BCD8 /* Frameworks */,
				955F68E72784C76200C0BCD8 /* Resources */,
			);
			buildRules = (
			);
			dependencies = (
				955F68EB2784C76200C0BCD8 /* PBXTargetDependency */,
			);
			name = AlamofireTestUITests;
			productName = AlamofireTestUITests;
			productReference = 955F68E92784C76200C0BCD8 /* AlamofireTestUITests.xctest */;
			productType = "com.apple.product-type.bundle.ui-testing";
		};
/* End PBXNativeTarget section */

/* Begin PBXProject section */
		955F68C72784C76000C0BCD8 /* Project object */ = {
			isa = PBXProject;
			attributes = {
				BuildIndependentTargetsInParallel = 1;
				LastSwiftUpdateCheck = 1320;
				LastUpgradeCheck = 1320;
				TargetAttributes = {
					955F68CE2784C76000C0BCD8 = {
						CreatedOnToolsVersion = 13.2.1;
					};
					955F68DE2784C76200C0BCD8 = {
						CreatedOnToolsVersion = 13.2.1;
						TestTargetID = 955F68CE2784C76000C0BCD8;
					};
					955F68E82784C76200C0BCD8 = {
						CreatedOnToolsVersion = 13.2.1;
						TestTargetID = 955F68CE2784C76000C0BCD8;
					};
				};
			};
			buildConfigurationList = 955F68CA2784C76000C0BCD8 /* Build configuration list for PBXProject "AlamofireTest" */;
			compatibilityVersion = "Xcode 13.0";
			developmentRegion = en;
			hasScannedForEncodings = 0;
			knownRegions = (
				en,
				Base,
			);
			mainGroup = 955F68C62784C76000C0BCD8;
			packageReferences = (
				955F68FC2784C7BB00C0BCD8 /* XCRemoteSwiftPackageReference "Alamofire" */,
			);
			productRefGroup = 955F68D02784C76000C0BCD8 /* Products */;
			projectDirPath = "";
			projectRoot = "";
			targets = (
				955F68CE2784C76000C0BCD8 /* AlamofireTest */,
				955F68DE2784C76200C0BCD8 /* AlamofireTestTests */,
				955F68E82784C76200C0BCD8 /* AlamofireTestUITests */,
			);
		};
/* End PBXProject section */

/* Begin PBXResourcesBuildPhase section */
		955F68CD2784C76000C0BCD8 /* Resources */ = {
			isa = PBXResourcesBuildPhase;
			buildActionMask = 2147483647;
			files = (
				955F69042786094A00C0BCD8 /* README.md in Resources */,
				955F68DA2784C76200C0BCD8 /* Preview Assets.xcassets in Resources */,
				955F68D72784C76200C0BCD8 /* Assets.xcassets in Resources */,
			);
			runOnlyForDeploymentPostprocessing = 0;
		};
		955F68DD2784C76200C0BCD8 /* Resources */ = {
			isa = PBXResourcesBuildPhase;
			buildActionMask = 2147483647;
			files = (
			);
			runOnlyForDeploymentPostprocessing = 0;
		};
		955F68E72784C76200C0BCD8 /* Resources */ = {
			isa = PBXResourcesBuildPhase;
			buildActionMask = 2147483647;
			files = (
			);
			runOnlyForDeploymentPostprocessing = 0;
		};
/* End PBXResourcesBuildPhase section */

/* Begin PBXSourcesBuildPhase section */
		955F68CB2784C76000C0BCD8 /* Sources */ = {
			isa = PBXSourcesBuildPhase;
			buildActionMask = 2147483647;
			files = (
				955F68D52784C76000C0BCD8 /* ContentView.swift in Sources */,
				955F69022784D23A00C0BCD8 /* ResponseHelpers.swift in Sources */,
				955F68D32784C76000C0BCD8 /* AlamofireTestApp.swift in Sources */,
			);
			runOnlyForDeploymentPostprocessing = 0;
		};
		955F68DB2784C76200C0BCD8 /* Sources */ = {
			isa = PBXSourcesBuildPhase;
			buildActionMask = 2147483647;
			files = (
				955F68E42784C76200C0BCD8 /* AlamofireTestTests.swift in Sources */,
			);
			runOnlyForDeploymentPostprocessing = 0;
		};
		955F68E52784C76200C0BCD8 /* Sources */ = {
			isa = PBXSourcesBuildPhase;
			buildActionMask = 2147483647;
			files = (
				955F68EE2784C76200C0BCD8 /* AlamofireTestUITests.swift in Sources */,
				955F68F02784C76200C0BCD8 /* AlamofireTestUITestsLaunchTests.swift in Sources */,
			);
			runOnlyForDeploymentPostprocessing = 0;
		};
/* End PBXSourcesBuildPhase section */

/* Begin PBXTargetDependency section */
		955F68E12784C76200C0BCD8 /* PBXTargetDependency */ = {
			isa = PBXTargetDependency;
			target = 955F68CE2784C76000C0BCD8 /* AlamofireTest */;
			targetProxy = 955F68E02784C76200C0BCD8 /* PBXContainerItemProxy */;
		};
		955F68EB2784C76200C0BCD8 /* PBXTargetDependency */ = {
			isa = PBXTargetDependency;
			target = 955F68CE2784C76000C0BCD8 /* AlamofireTest */;
			targetProxy = 955F68EA2784C76200C0BCD8 /* PBXContainerItemProxy */;
		};
/* End PBXTargetDependency section */

/* Begin XCBuildConfiguration section */
		955F68F12784C76200C0BCD8 /* Debug */ = {
			isa = XCBuildConfiguration;
			buildSettings = {
				ALWAYS_SEARCH_USER_PATHS = NO;
				CLANG_ANALYZER_NONNULL = YES;
				CLANG_ANALYZER_NUMBER_OBJECT_CONVERSION = YES_AGGRESSIVE;
				CLANG_CXX_LANGUAGE_STANDARD = "gnu++17";
				CLANG_CXX_LIBRARY = "libc++";
				CLANG_ENABLE_MODULES = YES;
				CLANG_ENABLE_OBJC_ARC = YES;
				CLANG_ENABLE_OBJC_WEAK = YES;
				CLANG_WARN_BLOCK_CAPTURE_AUTORELEASING = YES;
				CLANG_WARN_BOOL_CONVERSION = YES;
				CLANG_WARN_COMMA = YES;
				CLANG_WARN_CONSTANT_CONVERSION = YES;
				CLANG_WARN_DEPRECATED_OBJC_IMPLEMENTATIONS = YES;
				CLANG_WARN_DIRECT_OBJC_ISA_USAGE = YES_ERROR;
				CLANG_WARN_DOCUMENTATION_COMMENTS = YES;
				CLANG_WARN_EMPTY_BODY = YES;
				CLANG_WARN_ENUM_CONVERSION = YES;
				CLANG_WARN_INFINITE_RECURSION = YES;
				CLANG_WARN_INT_CONVERSION = YES;
				CLANG_WARN_NON_LITERAL_NULL_CONVERSION = YES;
				CLANG_WARN_OBJC_IMPLICIT_RETAIN_SELF = YES;
				CLANG_WARN_OBJC_LITERAL_CONVERSION = YES;
				CLANG_WARN_OBJC_ROOT_CLASS = YES_ERROR;
				CLANG_WARN_QUOTED_INCLUDE_IN_FRAMEWORK_HEADER = YES;
				CLANG_WARN_RANGE_LOOP_ANALYSIS = YES;
				CLANG_WARN_STRICT_PROTOTYPES = YES;
				CLANG_WARN_SUSPICIOUS_MOVE = YES;
				CLANG_WARN_UNGUARDED_AVAILABILITY = YES_AGGRESSIVE;
				CLANG_WARN_UNREACHABLE_CODE = YES;
				CLANG_WARN__DUPLICATE_METHOD_MATCH = YES;
				COPY_PHASE_STRIP = NO;
				DEBUG_INFORMATION_FORMAT = dwarf;
				ENABLE_STRICT_OBJC_MSGSEND = YES;
				ENABLE_TESTABILITY = YES;
				GCC_C_LANGUAGE_STANDARD = gnu11;
				GCC_DYNAMIC_NO_PIC = NO;
				GCC_NO_COMMON_BLOCKS = YES;
				GCC_OPTIMIZATION_LEVEL = 0;
				GCC_PREPROCESSOR_DEFINITIONS = (
					"DEBUG=1",
					"$(inherited)",
				);
				GCC_WARN_64_TO_32_BIT_CONVERSION = YES;
				GCC_WARN_ABOUT_RETURN_TYPE = YES_ERROR;
				GCC_WARN_UNDECLARED_SELECTOR = YES;
				GCC_WARN_UNINITIALIZED_AUTOS = YES_AGGRESSIVE;
				GCC_WARN_UNUSED_FUNCTION = YES;
				GCC_WARN_UNUSED_VARIABLE = YES;
				IPHONEOS_DEPLOYMENT_TARGET = 15.2;
				MTL_ENABLE_DEBUG_INFO = INCLUDE_SOURCE;
				MTL_FAST_MATH = YES;
				ONLY_ACTIVE_ARCH = YES;
				SDKROOT = iphoneos;
				SWIFT_ACTIVE_COMPILATION_CONDITIONS = DEBUG;
				SWIFT_OPTIMIZATION_LEVEL = "-Onone";
			};
			name = Debug;
		};
		955F68F22784C76200C0BCD8 /* Release */ = {
			isa = XCBuildConfiguration;
			buildSettings = {
				ALWAYS_SEARCH_USER_PATHS = NO;
				CLANG_ANALYZER_NONNULL = YES;
				CLANG_ANALYZER_NUMBER_OBJECT_CONVERSION = YES_AGGRESSIVE;
				CLANG_CXX_LANGUAGE_STANDARD = "gnu++17";
				CLANG_CXX_LIBRARY = "libc++";
				CLANG_ENABLE_MODULES = YES;
				CLANG_ENABLE_OBJC_ARC = YES;
				CLANG_ENABLE_OBJC_WEAK = YES;
				CLANG_WARN_BLOCK_CAPTURE_AUTORELEASING = YES;
				CLANG_WARN_BOOL_CONVERSION = YES;
				CLANG_WARN_COMMA = YES;
				CLANG_WARN_CONSTANT_CONVERSION = YES;
				CLANG_WARN_DEPRECATED_OBJC_IMPLEMENTATIONS = YES;
				CLANG_WARN_DIRECT_OBJC_ISA_USAGE = YES_ERROR;
				CLANG_WARN_DOCUMENTATION_COMMENTS = YES;
				CLANG_WARN_EMPTY_BODY = YES;
				CLANG_WARN_ENUM_CONVERSION = YES;
				CLANG_WARN_INFINITE_RECURSION = YES;
				CLANG_WARN_INT_CONVERSION = YES;
				CLANG_WARN_NON_LITERAL_NULL_CONVERSION = YES;
				CLANG_WARN_OBJC_IMPLICIT_RETAIN_SELF = YES;
				CLANG_WARN_OBJC_LITERAL_CONVERSION = YES;
				CLANG_WARN_OBJC_ROOT_CLASS = YES_ERROR;
				CLANG_WARN_QUOTED_INCLUDE_IN_FRAMEWORK_HEADER = YES;
				CLANG_WARN_RANGE_LOOP_ANALYSIS = YES;
				CLANG_WARN_STRICT_PROTOTYPES = YES;
				CLANG_WARN_SUSPICIOUS_MOVE = YES;
				CLANG_WARN_UNGUARDED_AVAILABILITY = YES_AGGRESSIVE;
				CLANG_WARN_UNREACHABLE_CODE = YES;
				CLANG_WARN__DUPLICATE_METHOD_MATCH = YES;
				COPY_PHASE_STRIP = NO;
				DEBUG_INFORMATION_FORMAT = "dwarf-with-dsym";
				ENABLE_NS_ASSERTIONS = NO;
				ENABLE_STRICT_OBJC_MSGSEND = YES;
				GCC_C_LANGUAGE_STANDARD = gnu11;
				GCC_NO_COMMON_BLOCKS = YES;
				GCC_WARN_64_TO_32_BIT_CONVERSION = YES;
				GCC_WARN_ABOUT_RETURN_TYPE = YES_ERROR;
				GCC_WARN_UNDECLARED_SELECTOR = YES;
				GCC_WARN_UNINITIALIZED_AUTOS = YES_AGGRESSIVE;
				GCC_WARN_UNUSED_FUNCTION = YES;
				GCC_WARN_UNUSED_VARIABLE = YES;
				IPHONEOS_DEPLOYMENT_TARGET = 15.2;
				MTL_ENABLE_DEBUG_INFO = NO;
				MTL_FAST_MATH = YES;
				SDKROOT = iphoneos;
				SWIFT_COMPILATION_MODE = wholemodule;
				SWIFT_OPTIMIZATION_LEVEL = "-O";
				VALIDATE_PRODUCT = YES;
			};
			name = Release;
		};
		955F68F42784C76200C0BCD8 /* Debug */ = {
			isa = XCBuildConfiguration;
			buildSettings = {
				ASSETCATALOG_COMPILER_APPICON_NAME = AppIcon;
				ASSETCATALOG_COMPILER_GLOBAL_ACCENT_COLOR_NAME = AccentColor;
				CODE_SIGN_STYLE = Automatic;
				CURRENT_PROJECT_VERSION = 1;
				DEVELOPMENT_ASSET_PATHS = "\"AlamofireTest/Preview Content\"";
				ENABLE_PREVIEWS = YES;
				GENERATE_INFOPLIST_FILE = YES;
				INFOPLIST_KEY_UIApplicationSceneManifest_Generation = YES;
				INFOPLIST_KEY_UIApplicationSupportsIndirectInputEvents = YES;
				INFOPLIST_KEY_UILaunchScreen_Generation = YES;
				INFOPLIST_KEY_UISupportedInterfaceOrientations_iPad = "UIInterfaceOrientationPortrait UIInterfaceOrientationPortraitUpsideDown UIInterfaceOrientationLandscapeLeft UIInterfaceOrientationLandscapeRight";
				INFOPLIST_KEY_UISupportedInterfaceOrientations_iPhone = "UIInterfaceOrientationPortrait UIInterfaceOrientationLandscapeLeft UIInterfaceOrientationLandscapeRight";
				LD_RUNPATH_SEARCH_PATHS = (
					"$(inherited)",
					"@executable_path/Frameworks",
				);
				MARKETING_VERSION = 1.0;
				PRODUCT_BUNDLE_IDENTIFIER = com.alamofire.AlamofireTest;
				PRODUCT_NAME = "$(TARGET_NAME)";
				SWIFT_EMIT_LOC_STRINGS = YES;
				SWIFT_VERSION = 5.0;
				TARGETED_DEVICE_FAMILY = "1,2";
			};
			name = Debug;
		};
		955F68F52784C76200C0BCD8 /* Release */ = {
			isa = XCBuildConfiguration;
			buildSettings = {
				ASSETCATALOG_COMPILER_APPICON_NAME = AppIcon;
				ASSETCATALOG_COMPILER_GLOBAL_ACCENT_COLOR_NAME = AccentColor;
				CODE_SIGN_STYLE = Automatic;
				CURRENT_PROJECT_VERSION = 1;
				DEVELOPMENT_ASSET_PATHS = "\"AlamofireTest/Preview Content\"";
				ENABLE_PREVIEWS = YES;
				GENERATE_INFOPLIST_FILE = YES;
				INFOPLIST_KEY_UIApplicationSceneManifest_Generation = YES;
				INFOPLIST_KEY_UIApplicationSupportsIndirectInputEvents = YES;
				INFOPLIST_KEY_UILaunchScreen_Generation = YES;
				INFOPLIST_KEY_UISupportedInterfaceOrientations_iPad = "UIInterfaceOrientationPortrait UIInterfaceOrientationPortraitUpsideDown UIInterfaceOrientationLandscapeLeft UIInterfaceOrientationLandscapeRight";
				INFOPLIST_KEY_UISupportedInterfaceOrientations_iPhone = "UIInterfaceOrientationPortrait UIInterfaceOrientationLandscapeLeft UIInterfaceOrientationLandscapeRight";
				LD_RUNPATH_SEARCH_PATHS = (
					"$(inherited)",
					"@executable_path/Frameworks",
				);
				MARKETING_VERSION = 1.0;
				PRODUCT_BUNDLE_IDENTIFIER = com.alamofire.AlamofireTest;
				PRODUCT_NAME = "$(TARGET_NAME)";
				SWIFT_EMIT_LOC_STRINGS = YES;
				SWIFT_VERSION = 5.0;
				TARGETED_DEVICE_FAMILY = "1,2";
			};
			name = Release;
		};
		955F68F72784C76200C0BCD8 /* Debug */ = {
			isa = XCBuildConfiguration;
			buildSettings = {
				ALWAYS_EMBED_SWIFT_STANDARD_LIBRARIES = YES;
				BUNDLE_LOADER = "$(TEST_HOST)";
				CODE_SIGN_STYLE = Automatic;
				CURRENT_PROJECT_VERSION = 1;
				GENERATE_INFOPLIST_FILE = YES;
				IPHONEOS_DEPLOYMENT_TARGET = 15.2;
				MARKETING_VERSION = 1.0;
				PRODUCT_BUNDLE_IDENTIFIER = com.alamofire.AlamofireTestTests;
				PRODUCT_NAME = "$(TARGET_NAME)";
				SWIFT_EMIT_LOC_STRINGS = NO;
				SWIFT_VERSION = 5.0;
				TARGETED_DEVICE_FAMILY = "1,2";
				TEST_HOST = "$(BUILT_PRODUCTS_DIR)/AlamofireTest.app/AlamofireTest";
			};
			name = Debug;
		};
		955F68F82784C76200C0BCD8 /* Release */ = {
			isa = XCBuildConfiguration;
			buildSettings = {
				ALWAYS_EMBED_SWIFT_STANDARD_LIBRARIES = YES;
				BUNDLE_LOADER = "$(TEST_HOST)";
				CODE_SIGN_STYLE = Automatic;
				CURRENT_PROJECT_VERSION = 1;
				GENERATE_INFOPLIST_FILE = YES;
				IPHONEOS_DEPLOYMENT_TARGET = 15.2;
				MARKETING_VERSION = 1.0;
				PRODUCT_BUNDLE_IDENTIFIER = com.alamofire.AlamofireTestTests;
				PRODUCT_NAME = "$(TARGET_NAME)";
				SWIFT_EMIT_LOC_STRINGS = NO;
				SWIFT_VERSION = 5.0;
				TARGETED_DEVICE_FAMILY = "1,2";
				TEST_HOST = "$(BUILT_PRODUCTS_DIR)/AlamofireTest.app/AlamofireTest";
			};
			name = Release;
		};
		955F68FA2784C76200C0BCD8 /* Debug */ = {
			isa = XCBuildConfiguration;
			buildSettings = {
				ALWAYS_EMBED_SWIFT_STANDARD_LIBRARIES = YES;
				CODE_SIGN_STYLE = Automatic;
				CURRENT_PROJECT_VERSION = 1;
				GENERATE_INFOPLIST_FILE = YES;
				MARKETING_VERSION = 1.0;
				PRODUCT_BUNDLE_IDENTIFIER = com.alamofire.AlamofireTestUITests;
				PRODUCT_NAME = "$(TARGET_NAME)";
				SWIFT_EMIT_LOC_STRINGS = NO;
				SWIFT_VERSION = 5.0;
				TARGETED_DEVICE_FAMILY = "1,2";
				TEST_TARGET_NAME = AlamofireTest;
			};
			name = Debug;
		};
		955F68FB2784C76200C0BCD8 /* Release */ = {
			isa = XCBuildConfiguration;
			buildSettings = {
				ALWAYS_EMBED_SWIFT_STANDARD_LIBRARIES = YES;
				CODE_SIGN_STYLE = Automatic;
				CURRENT_PROJECT_VERSION = 1;
				GENERATE_INFOPLIST_FILE = YES;
				MARKETING_VERSION = 1.0;
				PRODUCT_BUNDLE_IDENTIFIER = com.alamofire.AlamofireTestUITests;
				PRODUCT_NAME = "$(TARGET_NAME)";
				SWIFT_EMIT_LOC_STRINGS = NO;
				SWIFT_VERSION = 5.0;
				TARGETED_DEVICE_FAMILY = "1,2";
				TEST_TARGET_NAME = AlamofireTest;
			};
			name = Release;
		};
/* End XCBuildConfiguration section */

/* Begin XCConfigurationList section */
		955F68CA2784C76000C0BCD8 /* Build configuration list for PBXProject "AlamofireTest" */ = {
			isa = XCConfigurationList;
			buildConfigurations = (
				955F68F12784C76200C0BCD8 /* Debug */,
				955F68F22784C76200C0BCD8 /* Release */,
			);
			defaultConfigurationIsVisible = 0;
			defaultConfigurationName = Release;
		};
		955F68F32784C76200C0BCD8 /* Build configuration list for PBXNativeTarget "AlamofireTest" */ = {
			isa = XCConfigurationList;
			buildConfigurations = (
				955F68F42784C76200C0BCD8 /* Debug */,
				955F68F52784C76200C0BCD8 /* Release */,
			);
			defaultConfigurationIsVisible = 0;
			defaultConfigurationName = Release;
		};
		955F68F62784C76200C0BCD8 /* Build configuration list for PBXNativeTarget "AlamofireTestTests" */ = {
			isa = XCConfigurationList;
			buildConfigurations = (
				955F68F72784C76200C0BCD8 /* Debug */,
				955F68F82784C76200C0BCD8 /* Release */,
			);
			defaultConfigurationIsVisible = 0;
			defaultConfigurationName = Release;
		};
		955F68F92784C76200C0BCD8 /* Build configuration list for PBXNativeTarget "AlamofireTestUITests" */ = {
			isa = XCConfigurationList;
			buildConfigurations = (
				955F68FA2784C76200C0BCD8 /* Debug */,
				955F68FB2784C76200C0BCD8 /* Release */,
			);
			defaultConfigurationIsVisible = 0;
			defaultConfigurationName = Release;
		};
/* End XCConfigurationList section */

/* Begin XCRemoteSwiftPackageReference section */
		955F68FC2784C7BB00C0BCD8 /* XCRemoteSwiftPackageReference "Alamofire" */ = {
			isa = XCRemoteSwiftPackageReference;
			repositoryURL = "https://github.com/Alamofire/Alamofire.git";
			requirement = {
				kind = upToNextMajorVersion;
				minimumVersion = 5.5.0;
			};
		};
/* End XCRemoteSwiftPackageReference section */

/* Begin XCSwiftPackageProductDependency section */
		955F68FD2784C7BB00C0BCD8 /* Alamofire */ = {
			isa = XCSwiftPackageProductDependency;
			package = 955F68FC2784C7BB00C0BCD8 /* XCRemoteSwiftPackageReference "Alamofire" */;
			productName = Alamofire;
		};
/* End XCSwiftPackageProductDependency section */
	};
	rootObject = 955F68C72784C76000C0BCD8 /* Project object */;
}
